// !$*UTF8*$!
{
	archiveVersion = 1;
	classes = {
	};
	objectVersion = 55;
	objects = {

/* Begin PBXBuildFile section */
		460ABF4227CC5F5700789AEA /* AppDelegate.m in Sources */ = {isa = PBXBuildFile; fileRef = 460ABF4127CC5F5700789AEA /* AppDelegate.m */; };
		460ABF4527CC5F5700789AEA /* SceneDelegate.m in Sources */ = {isa = PBXBuildFile; fileRef = 460ABF4427CC5F5700789AEA /* SceneDelegate.m */; };
		460ABF4827CC5F5700789AEA /* ViewController.m in Sources */ = {isa = PBXBuildFile; fileRef = 460ABF4727CC5F5700789AEA /* ViewController.m */; };
		460ABF4B27CC5F5700789AEA /* Main.storyboard in Resources */ = {isa = PBXBuildFile; fileRef = 460ABF4927CC5F5700789AEA /* Main.storyboard */; };
		460ABF4D27CC5F5900789AEA /* Assets.xcassets in Resources */ = {isa = PBXBuildFile; fileRef = 460ABF4C27CC5F5900789AEA /* Assets.xcassets */; };
		460ABF5027CC5F5900789AEA /* LaunchScreen.storyboard in Resources */ = {isa = PBXBuildFile; fileRef = 460ABF4E27CC5F5900789AEA /* LaunchScreen.storyboard */; };
		460ABF5327CC5F5900789AEA /* main.m in Sources */ = {isa = PBXBuildFile; fileRef = 460ABF5227CC5F5900789AEA /* main.m */; };
		460ABF5D27CC5F5900789AEA /* SHYTableViewTests.m in Sources */ = {isa = PBXBuildFile; fileRef = 460ABF5C27CC5F5900789AEA /* SHYTableViewTests.m */; };
		460ABF6727CC5F5900789AEA /* SHYTableViewUITests.m in Sources */ = {isa = PBXBuildFile; fileRef = 460ABF6627CC5F5900789AEA /* SHYTableViewUITests.m */; };
		460ABF6927CC5F5900789AEA /* SHYTableViewUITestsLaunchTests.m in Sources */ = {isa = PBXBuildFile; fileRef = 460ABF6827CC5F5900789AEA /* SHYTableViewUITestsLaunchTests.m */; };
/* End PBXBuildFile section */

/* Begin PBXContainerItemProxy section */
		460ABF5927CC5F5900789AEA /* PBXContainerItemProxy */ = {
			isa = PBXContainerItemProxy;
			containerPortal = 460ABF3527CC5F5700789AEA /* Project object */;
			proxyType = 1;
			remoteGlobalIDString = 460ABF3C27CC5F5700789AEA;
			remoteInfo = SHYTableView;
		};
		460ABF6327CC5F5900789AEA /* PBXContainerItemProxy */ = {
			isa = PBXContainerItemProxy;
			containerPortal = 460ABF3527CC5F5700789AEA /* Project object */;
			proxyType = 1;
			remoteGlobalIDString = 460ABF3C27CC5F5700789AEA;
			remoteInfo = SHYTableView;
		};
/* End PBXContainerItemProxy section */

/* Begin PBXFileReference section */
		460ABF3D27CC5F5700789AEA /* SHYTableView.app */ = {isa = PBXFileReference; explicitFileType = wrapper.application; includeInIndex = 0; path = SHYTableView.app; sourceTree = BUILT_PRODUCTS_DIR; };
		460ABF4027CC5F5700789AEA /* AppDelegate.h */ = {isa = PBXFileReference; lastKnownFileType = sourcecode.c.h; path = AppDelegate.h; sourceTree = "<group>"; };
		460ABF4127CC5F5700789AEA /* AppDelegate.m */ = {isa = PBXFileReference; lastKnownFileType = sourcecode.c.objc; path = AppDelegate.m; sourceTree = "<group>"; };
		460ABF4327CC5F5700789AEA /* SceneDelegate.h */ = {isa = PBXFileReference; lastKnownFileType = sourcecode.c.h; path = SceneDelegate.h; sourceTree = "<group>"; };
		460ABF4427CC5F5700789AEA /* SceneDelegate.m */ = {isa = PBXFileReference; lastKnownFileType = sourcecode.c.objc; path = SceneDelegate.m; sourceTree = "<group>"; };
		460ABF4627CC5F5700789AEA /* ViewController.h */ = {isa = PBXFileReference; lastKnownFileType = sourcecode.c.h; path = ViewController.h; sourceTree = "<group>"; };
		460ABF4727CC5F5700789AEA /* ViewController.m */ = {isa = PBXFileReference; lastKnownFileType = sourcecode.c.objc; path = ViewController.m; sourceTree = "<group>"; };
		460ABF4A27CC5F5700789AEA /* Base */ = {isa = PBXFileReference; lastKnownFileType = file.storyboard; name = Base; path = Base.lproj/Main.storyboard; sourceTree = "<group>"; };
		460ABF4C27CC5F5900789AEA /* Assets.xcassets */ = {isa = PBXFileReference; lastKnownFileType = folder.assetcatalog; path = Assets.xcassets; sourceTree = "<group>"; };
		460ABF4F27CC5F5900789AEA /* Base */ = {isa = PBXFileReference; lastKnownFileType = file.storyboard; name = Base; path = Base.lproj/LaunchScreen.storyboard; sourceTree = "<group>"; };
		460ABF5127CC5F5900789AEA /* Info.plist */ = {isa = PBXFileReference; lastKnownFileType = text.plist.xml; path = Info.plist; sourceTree = "<group>"; };
		460ABF5227CC5F5900789AEA /* main.m */ = {isa = PBXFileReference; lastKnownFileType = sourcecode.c.objc; path = main.m; sourceTree = "<group>"; };
		460ABF5827CC5F5900789AEA /* SHYTableViewTests.xctest */ = {isa = PBXFileReference; explicitFileType = wrapper.cfbundle; includeInIndex = 0; path = SHYTableViewTests.xctest; sourceTree = BUILT_PRODUCTS_DIR; };
		460ABF5C27CC5F5900789AEA /* SHYTableViewTests.m */ = {isa = PBXFileReference; lastKnownFileType = sourcecode.c.objc; path = SHYTableViewTests.m; sourceTree = "<group>"; };
		460ABF6227CC5F5900789AEA /* SHYTableViewUITests.xctest */ = {isa = PBXFileReference; explicitFileType = wrapper.cfbundle; includeInIndex = 0; path = SHYTableViewUITests.xctest; sourceTree = BUILT_PRODUCTS_DIR; };
		460ABF6627CC5F5900789AEA /* SHYTableViewUITests.m */ = {isa = PBXFileReference; lastKnownFileType = sourcecode.c.objc; path = SHYTableViewUITests.m; sourceTree = "<group>"; };
		460ABF6827CC5F5900789AEA /* SHYTableViewUITestsLaunchTests.m */ = {isa = PBXFileReference; lastKnownFileType = sourcecode.c.objc; path = SHYTableViewUITestsLaunchTests.m; sourceTree = "<group>"; };
/* End PBXFileReference section */

/* Begin PBXFrameworksBuildPhase section */
		460ABF3A27CC5F5700789AEA /* Frameworks */ = {
			isa = PBXFrameworksBuildPhase;
			buildActionMask = 2147483647;
			files = (
			);
			runOnlyForDeploymentPostprocessing = 0;
		};
		460ABF5527CC5F5900789AEA /* Frameworks */ = {
			isa = PBXFrameworksBuildPhase;
			buildActionMask = 2147483647;
			files = (
			);
			runOnlyForDeploymentPostprocessing = 0;
		};
		460ABF5F27CC5F5900789AEA /* Frameworks */ = {
			isa = PBXFrameworksBuildPhase;
			buildActionMask = 2147483647;
			files = (
			);
			runOnlyForDeploymentPostprocessing = 0;
		};
/* End PBXFrameworksBuildPhase section */

/* Begin PBXGroup section */
		460ABF3427CC5F5700789AEA = {
			isa = PBXGroup;
			children = (
				460ABF3F27CC5F5700789AEA /* SHYTableView */,
				460ABF5B27CC5F5900789AEA /* SHYTableViewTests */,
				460ABF6527CC5F5900789AEA /* SHYTableViewUITests */,
				460ABF3E27CC5F5700789AEA /* Products */,
			);
			sourceTree = "<group>";
		};
		460ABF3E27CC5F5700789AEA /* Products */ = {
			isa = PBXGroup;
			children = (
				460ABF3D27CC5F5700789AEA /* SHYTableView.app */,
				460ABF5827CC5F5900789AEA /* SHYTableViewTests.xctest */,
				460ABF6227CC5F5900789AEA /* SHYTableViewUITests.xctest */,
			);
			name = Products;
			sourceTree = "<group>";
		};
		460ABF3F27CC5F5700789AEA /* SHYTableView */ = {
			isa = PBXGroup;
			children = (
				460ABF4027CC5F5700789AEA /* AppDelegate.h */,
				460ABF4127CC5F5700789AEA /* AppDelegate.m */,
				460ABF4327CC5F5700789AEA /* SceneDelegate.h */,
				460ABF4427CC5F5700789AEA /* SceneDelegate.m */,
				460ABF4627CC5F5700789AEA /* ViewController.h */,
				460ABF4727CC5F5700789AEA /* ViewController.m */,
				460ABF4927CC5F5700789AEA /* Main.storyboard */,
				460ABF4C27CC5F5900789AEA /* Assets.xcassets */,
				460ABF4E27CC5F5900789AEA /* LaunchScreen.storyboard */,
				460ABF5127CC5F5900789AEA /* Info.plist */,
				460ABF5227CC5F5900789AEA /* main.m */,
			);
			path = SHYTableView;
			sourceTree = "<group>";
		};
		460ABF5B27CC5F5900789AEA /* SHYTableViewTests */ = {
			isa = PBXGroup;
			children = (
				460ABF5C27CC5F5900789AEA /* SHYTableViewTests.m */,
			);
			path = SHYTableViewTests;
			sourceTree = "<group>";
		};
		460ABF6527CC5F5900789AEA /* SHYTableViewUITests */ = {
			isa = PBXGroup;
			children = (
				460ABF6627CC5F5900789AEA /* SHYTableViewUITests.m */,
				460ABF6827CC5F5900789AEA /* SHYTableViewUITestsLaunchTests.m */,
			);
			path = SHYTableViewUITests;
			sourceTree = "<group>";
		};
/* End PBXGroup section */

/* Begin PBXNativeTarget section */
		460ABF3C27CC5F5700789AEA /* SHYTableView */ = {
			isa = PBXNativeTarget;
			buildConfigurationList = 460ABF6C27CC5F5900789AEA /* Build configuration list for PBXNativeTarget "SHYTableView" */;
			buildPhases = (
				460ABF3927CC5F5700789AEA /* Sources */,
				460ABF3A27CC5F5700789AEA /* Frameworks */,
				460ABF3B27CC5F5700789AEA /* Resources */,
			);
			buildRules = (
			);
			dependencies = (
			);
			name = SHYTableView;
			productName = SHYTableView;
			productReference = 460ABF3D27CC5F5700789AEA /* SHYTableView.app */;
			productType = "com.apple.product-type.application";
		};
		460ABF5727CC5F5900789AEA /* SHYTableViewTests */ = {
			isa = PBXNativeTarget;
			buildConfigurationList = 460ABF6F27CC5F5900789AEA /* Build configuration list for PBXNativeTarget "SHYTableViewTests" */;
			buildPhases = (
				460ABF5427CC5F5900789AEA /* Sources */,
				460ABF5527CC5F5900789AEA /* Frameworks */,
				460ABF5627CC5F5900789AEA /* Resources */,
			);
			buildRules = (
			);
			dependencies = (
				460ABF5A27CC5F5900789AEA /* PBXTargetDependency */,
			);
			name = SHYTableViewTests;
			productName = SHYTableViewTests;
			productReference = 460ABF5827CC5F5900789AEA /* SHYTableViewTests.xctest */;
			productType = "com.apple.product-type.bundle.unit-test";
		};
		460ABF6127CC5F5900789AEA /* SHYTableViewUITests */ = {
			isa = PBXNativeTarget;
			buildConfigurationList = 460ABF7227CC5F5900789AEA /* Build configuration list for PBXNativeTarget "SHYTableViewUITests" */;
			buildPhases = (
				460ABF5E27CC5F5900789AEA /* Sources */,
				460ABF5F27CC5F5900789AEA /* Frameworks */,
				460ABF6027CC5F5900789AEA /* Resources */,
			);
			buildRules = (
			);
			dependencies = (
				460ABF6427CC5F5900789AEA /* PBXTargetDependency */,
			);
			name = SHYTableViewUITests;
			productName = SHYTableViewUITests;
			productReference = 460ABF6227CC5F5900789AEA /* SHYTableViewUITests.xctest */;
			productType = "com.apple.product-type.bundle.ui-testing";
		};
/* End PBXNativeTarget section */

/* Begin PBXProject section */
		460ABF3527CC5F5700789AEA /* Project object */ = {
			isa = PBXProject;
			attributes = {
				BuildIndependentTargetsInParallel = 1;
				LastUpgradeCheck = 1320;
				TargetAttributes = {
					460ABF3C27CC5F5700789AEA = {
						CreatedOnToolsVersion = 13.2.1;
					};
					460ABF5727CC5F5900789AEA = {
						CreatedOnToolsVersion = 13.2.1;
						TestTargetID = 460ABF3C27CC5F5700789AEA;
					};
					460ABF6127CC5F5900789AEA = {
						CreatedOnToolsVersion = 13.2.1;
						TestTargetID = 460ABF3C27CC5F5700789AEA;
					};
				};
			};
			buildConfigurationList = 460ABF3827CC5F5700789AEA /* Build configuration list for PBXProject "SHYTableView" */;
			compatibilityVersion = "Xcode 13.0";
			developmentRegion = en;
			hasScannedForEncodings = 0;
			knownRegions = (
				en,
				Base,
			);
			mainGroup = 460ABF3427CC5F5700789AEA;
			productRefGroup = 460ABF3E27CC5F5700789AEA /* Products */;
			projectDirPath = "";
			projectRoot = "";
			targets = (
				460ABF3C27CC5F5700789AEA /* SHYTableView */,
				460ABF5727CC5F5900789AEA /* SHYTableViewTests */,
				460ABF6127CC5F5900789AEA /* SHYTableViewUITests */,
			);
		};
/* End PBXProject section */

/* Begin PBXResourcesBuildPhase section */
		460ABF3B27CC5F5700789AEA /* Resources */ = {
			isa = PBXResourcesBuildPhase;
			buildActionMask = 2147483647;
			files = (
				460ABF5027CC5F5900789AEA /* LaunchScreen.storyboard in Resources */,
				460ABF4D27CC5F5900789AEA /* Assets.xcassets in Resources */,
				460ABF4B27CC5F5700789AEA /* Main.storyboard in Resources */,
			);
			runOnlyForDeploymentPostprocessing = 0;
		};
		460ABF5627CC5F5900789AEA /* Resources */ = {
			isa = PBXResourcesBuildPhase;
			buildActionMask = 2147483647;
			files = (
			);
			runOnlyForDeploymentPostprocessing = 0;
		};
		460ABF6027CC5F5900789AEA /* Resources */ = {
			isa = PBXResourcesBuildPhase;
			buildActionMask = 2147483647;
			files = (
			);
			runOnlyForDeploymentPostprocessing = 0;
		};
/* End PBXResourcesBuildPhase section */

/* Begin PBXSourcesBuildPhase section */
		460ABF3927CC5F5700789AEA /* Sources */ = {
			isa = PBXSourcesBuildPhase;
			buildActionMask = 2147483647;
			files = (
				460ABF4827CC5F5700789AEA /* ViewController.m in Sources */,
				460ABF4227CC5F5700789AEA /* AppDelegate.m in Sources */,
				460ABF5327CC5F5900789AEA /* main.m in Sources */,
				460ABF4527CC5F5700789AEA /* SceneDelegate.m in Sources */,
			);
			runOnlyForDeploymentPostprocessing = 0;
		};
		460ABF5427CC5F5900789AEA /* Sources */ = {
			isa = PBXSourcesBuildPhase;
			buildActionMask = 2147483647;
			files = (
				460ABF5D27CC5F5900789AEA /* SHYTableViewTests.m in Sources */,
			);
			runOnlyForDeploymentPostprocessing = 0;
		};
		460ABF5E27CC5F5900789AEA /* Sources */ = {
			isa = PBXSourcesBuildPhase;
			buildActionMask = 2147483647;
			files = (
				460ABF6927CC5F5900789AEA /* SHYTableViewUITestsLaunchTests.m in Sources */,
				460ABF6727CC5F5900789AEA /* SHYTableViewUITests.m in Sources */,
			);
			runOnlyForDeploymentPostprocessing = 0;
		};
/* End PBXSourcesBuildPhase section */

/* Begin PBXTargetDependency section */
		460ABF5A27CC5F5900789AEA /* PBXTargetDependency */ = {
			isa = PBXTargetDependency;
			target = 460ABF3C27CC5F5700789AEA /* SHYTableView */;
			targetProxy = 460ABF5927CC5F5900789AEA /* PBXContainerItemProxy */;
		};
		460ABF6427CC5F5900789AEA /* PBXTargetDependency */ = {
			isa = PBXTargetDependency;
			target = 460ABF3C27CC5F5700789AEA /* SHYTableView */;
			targetProxy = 460ABF6327CC5F5900789AEA /* PBXContainerItemProxy */;
		};
/* End PBXTargetDependency section */

/* Begin PBXVariantGroup section */
		460ABF4927CC5F5700789AEA /* Main.storyboard */ = {
			isa = PBXVariantGroup;
			children = (
				460ABF4A27CC5F5700789AEA /* Base */,
			);
			name = Main.storyboard;
			sourceTree = "<group>";
		};
		460ABF4E27CC5F5900789AEA /* LaunchScreen.storyboard */ = {
			isa = PBXVariantGroup;
			children = (
				460ABF4F27CC5F5900789AEA /* Base */,
			);
			name = LaunchScreen.storyboard;
			sourceTree = "<group>";
		};
/* End PBXVariantGroup section */

/* Begin XCBuildConfiguration section */
		460ABF6A27CC5F5900789AEA /* Debug */ = {
			isa = XCBuildConfiguration;
			buildSettings = {
				ALWAYS_SEARCH_USER_PATHS = NO;
				CLANG_ANALYZER_NONNULL = YES;
				CLANG_ANALYZER_NUMBER_OBJECT_CONVERSION = YES_AGGRESSIVE;
				CLANG_CXX_LANGUAGE_STANDARD = "gnu++17";
				CLANG_CXX_LIBRARY = "libc++";
				CLANG_ENABLE_MODULES = YES;
				CLANG_ENABLE_OBJC_ARC = YES;
				CLANG_ENABLE_OBJC_WEAK = YES;
				CLANG_WARN_BLOCK_CAPTURE_AUTORELEASING = YES;
				CLANG_WARN_BOOL_CONVERSION = YES;
				CLANG_WARN_COMMA = YES;
				CLANG_WARN_CONSTANT_CONVERSION = YES;
				CLANG_WARN_DEPRECATED_OBJC_IMPLEMENTATIONS = YES;
				CLANG_WARN_DIRECT_OBJC_ISA_USAGE = YES_ERROR;
				CLANG_WARN_DOCUMENTATION_COMMENTS = YES;
				CLANG_WARN_EMPTY_BODY = YES;
				CLANG_WARN_ENUM_CONVERSION = YES;
				CLANG_WARN_INFINITE_RECURSION = YES;
				CLANG_WARN_INT_CONVERSION = YES;
				CLANG_WARN_NON_LITERAL_NULL_CONVERSION = YES;
				CLANG_WARN_OBJC_IMPLICIT_RETAIN_SELF = YES;
				CLANG_WARN_OBJC_LITERAL_CONVERSION = YES;
				CLANG_WARN_OBJC_ROOT_CLASS = YES_ERROR;
				CLANG_WARN_QUOTED_INCLUDE_IN_FRAMEWORK_HEADER = YES;
				CLANG_WARN_RANGE_LOOP_ANALYSIS = YES;
				CLANG_WARN_STRICT_PROTOTYPES = YES;
				CLANG_WARN_SUSPICIOUS_MOVE = YES;
				CLANG_WARN_UNGUARDED_AVAILABILITY = YES_AGGRESSIVE;
				CLANG_WARN_UNREACHABLE_CODE = YES;
				CLANG_WARN__DUPLICATE_METHOD_MATCH = YES;
				COPY_PHASE_STRIP = NO;
				DEBUG_INFORMATION_FORMAT = dwarf;
				ENABLE_STRICT_OBJC_MSGSEND = YES;
				ENABLE_TESTABILITY = YES;
				GCC_C_LANGUAGE_STANDARD = gnu11;
				GCC_DYNAMIC_NO_PIC = NO;
				GCC_NO_COMMON_BLOCKS = YES;
				GCC_OPTIMIZATION_LEVEL = 0;
				GCC_PREPROCESSOR_DEFINITIONS = (
					"DEBUG=1",
					"$(inherited)",
				);
				GCC_WARN_64_TO_32_BIT_CONVERSION = YES;
				GCC_WARN_ABOUT_RETURN_TYPE = YES_ERROR;
				GCC_WARN_UNDECLARED_SELECTOR = YES;
				GCC_WARN_UNINITIALIZED_AUTOS = YES_AGGRESSIVE;
				GCC_WARN_UNUSED_FUNCTION = YES;
				GCC_WARN_UNUSED_VARIABLE = YES;
				IPHONEOS_DEPLOYMENT_TARGET = 15.2;
				MTL_ENABLE_DEBUG_INFO = INCLUDE_SOURCE;
				MTL_FAST_MATH = YES;
				ONLY_ACTIVE_ARCH = YES;
				SDKROOT = iphoneos;
			};
			name = Debug;
		};
		460ABF6B27CC5F5900789AEA /* Release */ = {
			isa = XCBuildConfiguration;
			buildSettings = {
				ALWAYS_SEARCH_USER_PATHS = NO;
				CLANG_ANALYZER_NONNULL = YES;
				CLANG_ANALYZER_NUMBER_OBJECT_CONVERSION = YES_AGGRESSIVE;
				CLANG_CXX_LANGUAGE_STANDARD = "gnu++17";
				CLANG_CXX_LIBRARY = "libc++";
				CLANG_ENABLE_MODULES = YES;
				CLANG_ENABLE_OBJC_ARC = YES;
				CLANG_ENABLE_OBJC_WEAK = YES;
				CLANG_WARN_BLOCK_CAPTURE_AUTORELEASING = YES;
				CLANG_WARN_BOOL_CONVERSION = YES;
				CLANG_WARN_COMMA = YES;
				CLANG_WARN_CONSTANT_CONVERSION = YES;
				CLANG_WARN_DEPRECATED_OBJC_IMPLEMENTATIONS = YES;
				CLANG_WARN_DIRECT_OBJC_ISA_USAGE = YES_ERROR;
				CLANG_WARN_DOCUMENTATION_COMMENTS = YES;
				CLANG_WARN_EMPTY_BODY = YES;
				CLANG_WARN_ENUM_CONVERSION = YES;
				CLANG_WARN_INFINITE_RECURSION = YES;
				CLANG_WARN_INT_CONVERSION = YES;
				CLANG_WARN_NON_LITERAL_NULL_CONVERSION = YES;
				CLANG_WARN_OBJC_IMPLICIT_RETAIN_SELF = YES;
				CLANG_WARN_OBJC_LITERAL_CONVERSION = YES;
				CLANG_WARN_OBJC_ROOT_CLASS = YES_ERROR;
				CLANG_WARN_QUOTED_INCLUDE_IN_FRAMEWORK_HEADER = YES;
				CLANG_WARN_RANGE_LOOP_ANALYSIS = YES;
				CLANG_WARN_STRICT_PROTOTYPES = YES;
				CLANG_WARN_SUSPICIOUS_MOVE = YES;
				CLANG_WARN_UNGUARDED_AVAILABILITY = YES_AGGRESSIVE;
				CLANG_WARN_UNREACHABLE_CODE = YES;
				CLANG_WARN__DUPLICATE_METHOD_MATCH = YES;
				COPY_PHASE_STRIP = NO;
				DEBUG_INFORMATION_FORMAT = "dwarf-with-dsym";
				ENABLE_NS_ASSERTIONS = NO;
				ENABLE_STRICT_OBJC_MSGSEND = YES;
				GCC_C_LANGUAGE_STANDARD = gnu11;
				GCC_NO_COMMON_BLOCKS = YES;
				GCC_WARN_64_TO_32_BIT_CONVERSION = YES;
				GCC_WARN_ABOUT_RETURN_TYPE = YES_ERROR;
				GCC_WARN_UNDECLARED_SELECTOR = YES;
				GCC_WARN_UNINITIALIZED_AUTOS = YES_AGGRESSIVE;
				GCC_WARN_UNUSED_FUNCTION = YES;
				GCC_WARN_UNUSED_VARIABLE = YES;
				IPHONEOS_DEPLOYMENT_TARGET = 15.2;
				MTL_ENABLE_DEBUG_INFO = NO;
				MTL_FAST_MATH = YES;
				SDKROOT = iphoneos;
				VALIDATE_PRODUCT = YES;
			};
			name = Release;
		};
		460ABF6D27CC5F5900789AEA /* Debug */ = {
			isa = XCBuildConfiguration;
			buildSettings = {
				ASSETCATALOG_COMPILER_APPICON_NAME = AppIcon;
				ASSETCATALOG_COMPILER_GLOBAL_ACCENT_COLOR_NAME = AccentColor;
				CODE_SIGN_STYLE = Automatic;
				CURRENT_PROJECT_VERSION = 1;
				GENERATE_INFOPLIST_FILE = YES;
				INFOPLIST_FILE = SHYTableView/Info.plist;
				INFOPLIST_KEY_UIApplicationSupportsIndirectInputEvents = YES;
				INFOPLIST_KEY_UILaunchStoryboardName = LaunchScreen;
				INFOPLIST_KEY_UIMainStoryboardFile = Main;
				INFOPLIST_KEY_UISupportedInterfaceOrientations_iPad = "UIInterfaceOrientationPortrait UIInterfaceOrientationPortraitUpsideDown UIInterfaceOrientationLandscapeLeft UIInterfaceOrientationLandscapeRight";
				INFOPLIST_KEY_UISupportedInterfaceOrientations_iPhone = "UIInterfaceOrientationPortrait UIInterfaceOrientationLandscapeLeft UIInterfaceOrientationLandscapeRight";
				LD_RUNPATH_SEARCH_PATHS = (
					"$(inherited)",
					"@executable_path/Frameworks",
				);
				MARKETING_VERSION = 1.0;
				PRODUCT_BUNDLE_IDENTIFIER = "cutv-SHY-test.SHYTableView";
				PRODUCT_NAME = "$(TARGET_NAME)";
				SWIFT_EMIT_LOC_STRINGS = YES;
				TARGETED_DEVICE_FAMILY = "1,2";
			};
			name = Debug;
		};
		460ABF6E27CC5F5900789AEA /* Release */ = {
			isa = XCBuildConfiguration;
			buildSettings = {
				ASSETCATALOG_COMPILER_APPICON_NAME = AppIcon;
				ASSETCATALOG_COMPILER_GLOBAL_ACCENT_COLOR_NAME = AccentColor;
				CODE_SIGN_STYLE = Automatic;
				CURRENT_PROJECT_VERSION = 1;
				GENERATE_INFOPLIST_FILE = YES;
				INFOPLIST_FILE = SHYTableView/Info.plist;
				INFOPLIST_KEY_UIApplicationSupportsIndirectInputEvents = YES;
				INFOPLIST_KEY_UILaunchStoryboardName = LaunchScreen;
				INFOPLIST_KEY_UIMainStoryboardFile = Main;
				INFOPLIST_KEY_UISupportedInterfaceOrientations_iPad = "UIInterfaceOrientationPortrait UIInterfaceOrientationPortraitUpsideDown UIInterfaceOrientationLandscapeLeft UIInterfaceOrientationLandscapeRight";
				INFOPLIST_KEY_UISupportedInterfaceOrientations_iPhone = "UIInterfaceOrientationPortrait UIInterfaceOrientationLandscapeLeft UIInterfaceOrientationLandscapeRight";
				LD_RUNPATH_SEARCH_PATHS = (
					"$(inherited)",
					"@executable_path/Frameworks",
				);
				MARKETING_VERSION = 1.0;
				PRODUCT_BUNDLE_IDENTIFIER = "cutv-SHY-test.SHYTableView";
				PRODUCT_NAME = "$(TARGET_NAME)";
				SWIFT_EMIT_LOC_STRINGS = YES;
				TARGETED_DEVICE_FAMILY = "1,2";
			};
			name = Release;
		};
		460ABF7027CC5F5900789AEA /* Debug */ = {
			isa = XCBuildConfiguration;
			buildSettings = {
				BUNDLE_LOADER = "$(TEST_HOST)";
				CODE_SIGN_STYLE = Automatic;
				CURRENT_PROJECT_VERSION = 1;
				GENERATE_INFOPLIST_FILE = YES;
				IPHONEOS_DEPLOYMENT_TARGET = 15.2;
				MARKETING_VERSION = 1.0;
				PRODUCT_BUNDLE_IDENTIFIER = "cutv-SHY-test.SHYTableViewTests";
				PRODUCT_NAME = "$(TARGET_NAME)";
				SWIFT_EMIT_LOC_STRINGS = NO;
				TARGETED_DEVICE_FAMILY = "1,2";
				TEST_HOST = "$(BUILT_PRODUCTS_DIR)/SHYTableView.app/SHYTableView";
			};
			name = Debug;
		};
		460ABF7127CC5F5900789AEA /* Release */ = {
			isa = XCBuildConfiguration;
			buildSettings = {
				BUNDLE_LOADER = "$(TEST_HOST)";
				CODE_SIGN_STYLE = Automatic;
				CURRENT_PROJECT_VERSION = 1;
				GENERATE_INFOPLIST_FILE = YES;
				IPHONEOS_DEPLOYMENT_TARGET = 15.2;
				MARKETING_VERSION = 1.0;
				PRODUCT_BUNDLE_IDENTIFIER = "cutv-SHY-test.SHYTableViewTests";
				PRODUCT_NAME = "$(TARGET_NAME)";
				SWIFT_EMIT_LOC_STRINGS = NO;
				TARGETED_DEVICE_FAMILY = "1,2";
				TEST_HOST = "$(BUILT_PRODUCTS_DIR)/SHYTableView.app/SHYTableView";
			};
			name = Release;
		};
		460ABF7327CC5F5900789AEA /* Debug */ = {
			isa = XCBuildConfiguration;
			buildSettings = {
				CODE_SIGN_STYLE = Automatic;
				CURRENT_PROJECT_VERSION = 1;
				GENERATE_INFOPLIST_FILE = YES;
				MARKETING_VERSION = 1.0;
				PRODUCT_BUNDLE_IDENTIFIER = "cutv-SHY-test.SHYTableViewUITests";
				PRODUCT_NAME = "$(TARGET_NAME)";
				SWIFT_EMIT_LOC_STRINGS = NO;
				TARGETED_DEVICE_FAMILY = "1,2";
				TEST_TARGET_NAME = SHYTableView;
			};
			name = Debug;
		};
		460ABF7427CC5F5900789AEA /* Release */ = {
			isa = XCBuildConfiguration;
			buildSettings = {
				CODE_SIGN_STYLE = Automatic;
				CURRENT_PROJECT_VERSION = 1;
				GENERATE_INFOPLIST_FILE = YES;
				MARKETING_VERSION = 1.0;
				PRODUCT_BUNDLE_IDENTIFIER = "cutv-SHY-test.SHYTableViewUITests";
				PRODUCT_NAME = "$(TARGET_NAME)";
				SWIFT_EMIT_LOC_STRINGS = NO;
				TARGETED_DEVICE_FAMILY = "1,2";
				TEST_TARGET_NAME = SHYTableView;
			};
			name = Release;
		};
/* End XCBuildConfiguration section */

/* Begin XCConfigurationList section */
		460ABF3827CC5F5700789AEA /* Build configuration list for PBXProject "SHYTableView" */ = {
			isa = XCConfigurationList;
			buildConfigurations = (
				460ABF6A27CC5F5900789AEA /* Debug */,
				460ABF6B27CC5F5900789AEA /* Release */,
			);
			defaultConfigurationIsVisible = 0;
			defaultConfigurationName = Release;
		};
		460ABF6C27CC5F5900789AEA /* Build configuration list for PBXNativeTarget "SHYTableView" */ = {
			isa = XCConfigurationList;
			buildConfigurations = (
				460ABF6D27CC5F5900789AEA /* Debug */,
				460ABF6E27CC5F5900789AEA /* Release */,
			);
			defaultConfigurationIsVisible = 0;
			defaultConfigurationName = Release;
		};
		460ABF6F27CC5F5900789AEA /* Build configuration list for PBXNativeTarget "SHYTableViewTests" */ = {
			isa = XCConfigurationList;
			buildConfigurations = (
				460ABF7027CC5F5900789AEA /* Debug */,
				460ABF7127CC5F5900789AEA /* Release */,
			);
			defaultConfigurationIsVisible = 0;
			defaultConfigurationName = Release;
		};
		460ABF7227CC5F5900789AEA /* Build configuration list for PBXNativeTarget "SHYTableViewUITests" */ = {
			isa = XCConfigurationList;
			buildConfigurations = (
				460ABF7327CC5F5900789AEA /* Debug */,
				460ABF7427CC5F5900789AEA /* Release */,
			);
			defaultConfigurationIsVisible = 0;
			defaultConfigurationName = Release;
		};
/* End XCConfigurationList section */
	};
	rootObject = 460ABF3527CC5F5700789AEA /* Project object */;
}
